
Microsoft Visual Studio Solution File, Format Version 12.00
# Visual Studio 15
VisualStudioVersion = 15.0.26430.12
MinimumVisualStudioVersion = 10.0.40219.1
Project("{FAE04EC0-301F-11D3-BF4B-00C04F79EFBC}") = "TLJCommon", "TLJCommon\TLJCommon.csproj", "{047BBDB8-2820-45BD-B3E5-20AAFE2742EC}"
EndProject
Global
	GlobalSection(SolutionConfigurationPlatforms) = preSolution
		Debug|Any CPU = Debug|Any CPU
		Release|Any CPU = Release|Any CPU
	EndGlobalSection
	GlobalSection(ProjectConfigurationPlatforms) = postSolution
		{047BBDB8-2820-45BD-B3E5-20AAFE2742EC}.Debug|Any CPU.ActiveCfg = Debug|Any CPU
		{047BBDB8-2820-45BD-B3E5-20AAFE2742EC}.Debug|Any CPU.Build.0 = Debug|Any CPU
		{047BBDB8-2820-45BD-B3E5-20AAFE2742EC}.Release|Any CPU.ActiveCfg = Release|Any CPU
		{047BBDB8-2820-45BD-B3E5-20AAFE2742EC}.Release|Any CPU.Build.0 = Release|Any CPU
	EndGlobalSection
	GlobalSection(SolutionProperties) = preSolution
		HideSolutionNode = FALSE
	EndGlobalSection
EndGlobal
